
Microsoft Visual Studio Solution File, Format Version 12.00
# Visual Studio Version 16
VisualStudioVersion = 16.0.30114.105
MinimumVisualStudioVersion = 10.0.40219.1
Project("{FAE04EC0-301F-11D3-BF4B-00C04F79EFBC}") = "cursoAspNetEfCoreAlura", "cursoAspNetEfCoreAlura\cursoAspNetEfCoreAlura.csproj", "{EC1BF90A-2CE4-498B-AF78-B10B0FA01627}"
EndProject
Project("{2150E333-8FDC-42A3-9474-1A3956D46DE8}") = "Solution Items", "Solution Items", "{85847987-BEFA-4FB2-B25C-3FB5A3C2EB36}"
	ProjectSection(SolutionItems) = preProject
		.gitignore = .gitignore
	EndProjectSection
EndProject
Project("{FAE04EC0-301F-11D3-BF4B-00C04F79EFBC}") = "cursoAspNetEfCoreMvcAlura", "cursoAspNetEfCoreMvcAlura\cursoAspNetEfCoreMvcAlura.csproj", "{30DC8469-7A16-4DE1-B087-5F8EDCCC4E87}"
EndProject
Global
	GlobalSection(SolutionConfigurationPlatforms) = preSolution
		Debug|Any CPU = Debug|Any CPU
		Release|Any CPU = Release|Any CPU
	EndGlobalSection
	GlobalSection(ProjectConfigurationPlatforms) = postSolution
		{EC1BF90A-2CE4-498B-AF78-B10B0FA01627}.Debug|Any CPU.ActiveCfg = Debug|Any CPU
		{EC1BF90A-2CE4-498B-AF78-B10B0FA01627}.Debug|Any CPU.Build.0 = Debug|Any CPU
		{EC1BF90A-2CE4-498B-AF78-B10B0FA01627}.Release|Any CPU.ActiveCfg = Release|Any CPU
		{EC1BF90A-2CE4-498B-AF78-B10B0FA01627}.Release|Any CPU.Build.0 = Release|Any CPU
		{30DC8469-7A16-4DE1-B087-5F8EDCCC4E87}.Debug|Any CPU.ActiveCfg = Debug|Any CPU
		{30DC8469-7A16-4DE1-B087-5F8EDCCC4E87}.Debug|Any CPU.Build.0 = Debug|Any CPU
		{30DC8469-7A16-4DE1-B087-5F8EDCCC4E87}.Release|Any CPU.ActiveCfg = Release|Any CPU
		{30DC8469-7A16-4DE1-B087-5F8EDCCC4E87}.Release|Any CPU.Build.0 = Release|Any CPU
	EndGlobalSection
	GlobalSection(SolutionProperties) = preSolution
		HideSolutionNode = FALSE
	EndGlobalSection
	GlobalSection(ExtensibilityGlobals) = postSolution
		SolutionGuid = {26E51EED-001A-42AE-891B-F1B826926151}
	EndGlobalSection
EndGlobal
